
Microsoft Visual Studio Solution File, Format Version 12.00
# Visual Studio Version 16
VisualStudioVersion = 16.0.29613.14
MinimumVisualStudioVersion = 10.0.40219.1
Project("{FAE04EC0-301F-11D3-BF4B-00C04F79EFBC}") = "LecturaXML", "LecturaXML\LecturaXML.csproj", "{1C8E5A68-D543-4894-8FF1-DBFD52B7AD90}"
EndProject
Global
	GlobalSection(SolutionConfigurationPlatforms) = preSolution
		Debug|Any CPU = Debug|Any CPU
		Release|Any CPU = Release|Any CPU
	EndGlobalSection
	GlobalSection(ProjectConfigurationPlatforms) = postSolution
		{1C8E5A68-D543-4894-8FF1-DBFD52B7AD90}.Debug|Any CPU.ActiveCfg = Debug|Any CPU
		{1C8E5A68-D543-4894-8FF1-DBFD52B7AD90}.Debug|Any CPU.Build.0 = Debug|Any CPU
		{1C8E5A68-D543-4894-8FF1-DBFD52B7AD90}.Release|Any CPU.ActiveCfg = Release|Any CPU
		{1C8E5A68-D543-4894-8FF1-DBFD52B7AD90}.Release|Any CPU.Build.0 = Release|Any CPU
	EndGlobalSection
	GlobalSection(SolutionProperties) = preSolution
		HideSolutionNode = FALSE
	EndGlobalSection
	GlobalSection(ExtensibilityGlobals) = postSolution
		SolutionGuid = {E65160A5-295C-4F30-BE30-D70F7EFBE721}
	EndGlobalSection
EndGlobal
