
Microsoft Visual Studio Solution File, Format Version 12.00
# Visual Studio Version 16
VisualStudioVersion = 16.0.29613.14
MinimumVisualStudioVersion = 10.0.40219.1
Project("{FAE04EC0-301F-11D3-BF4B-00C04F79EFBC}") = "Facturas", "Facturas\Facturas.csproj", "{0797B08A-7243-4514-B3A8-5FD0F98EC822}"
EndProject
Global
	GlobalSection(SolutionConfigurationPlatforms) = preSolution
		Debug|Any CPU = Debug|Any CPU
		Release|Any CPU = Release|Any CPU
	EndGlobalSection
	GlobalSection(ProjectConfigurationPlatforms) = postSolution
		{0797B08A-7243-4514-B3A8-5FD0F98EC822}.Debug|Any CPU.ActiveCfg = Debug|Any CPU
		{0797B08A-7243-4514-B3A8-5FD0F98EC822}.Debug|Any CPU.Build.0 = Debug|Any CPU
		{0797B08A-7243-4514-B3A8-5FD0F98EC822}.Release|Any CPU.ActiveCfg = Release|Any CPU
		{0797B08A-7243-4514-B3A8-5FD0F98EC822}.Release|Any CPU.Build.0 = Release|Any CPU
	EndGlobalSection
	GlobalSection(SolutionProperties) = preSolution
		HideSolutionNode = FALSE
	EndGlobalSection
	GlobalSection(ExtensibilityGlobals) = postSolution
		SolutionGuid = {08CDD0F8-3BFE-428E-B837-A29670739EF9}
	EndGlobalSection
EndGlobal
