
Microsoft Visual Studio Solution File, Format Version 12.00
# Visual Studio Version 16
VisualStudioVersion = 16.0.31424.327
MinimumVisualStudioVersion = 10.0.40219.1
Project("{FAE04EC0-301F-11D3-BF4B-00C04F79EFBC}") = "FTP_CLIENT", "FTP_CLIENT.csproj", "{0F8347E4-6F56-4492-A552-27A4800D4070}"
EndProject
Global
	GlobalSection(SolutionConfigurationPlatforms) = preSolution
		Debug|Any CPU = Debug|Any CPU
		Release|Any CPU = Release|Any CPU
	EndGlobalSection
	GlobalSection(ProjectConfigurationPlatforms) = postSolution
		{0F8347E4-6F56-4492-A552-27A4800D4070}.Debug|Any CPU.ActiveCfg = Debug|Any CPU
		{0F8347E4-6F56-4492-A552-27A4800D4070}.Debug|Any CPU.Build.0 = Debug|Any CPU
		{0F8347E4-6F56-4492-A552-27A4800D4070}.Release|Any CPU.ActiveCfg = Release|Any CPU
		{0F8347E4-6F56-4492-A552-27A4800D4070}.Release|Any CPU.Build.0 = Release|Any CPU
	EndGlobalSection
	GlobalSection(SolutionProperties) = preSolution
		HideSolutionNode = FALSE
	EndGlobalSection
	GlobalSection(ExtensibilityGlobals) = postSolution
		SolutionGuid = {30ECE52C-A107-416E-AB23-BA205BDE266C}
	EndGlobalSection
EndGlobal
